{
  "name": "demo5",
  "version": "1.0.0",
  "lockfileVersion": 1,
  "requires": true,
  "dependencies": {
    "@cfn-modules/dynamodb-table": {
      "version": "1.0.0",
      "resolved": "https://registry.npmjs.org/@cfn-modules/dynamodb-table/-/dynamodb-table-1.0.0.tgz",
      "integrity": "sha512-vJHQiR3NPzaP83MjI+h7tV/sE7AHJ/Q/u6oXGgY9FTjhRAf/w9s2DISatXoPiOOr3inzZkXf10+/OOwPedutzQ=="
    },
    "@cfn-modules/kinesis-data-stream": {
      "version": "0.1.0",
      "resolved": "https://registry.npmjs.org/@cfn-modules/kinesis-data-stream/-/kinesis-data-stream-0.1.0.tgz",
      "integrity": "sha512-cuXcdnn9I7/zH5tRgdWg2vMyaUe0lJWzUXM9V7h5lmi3WUqYSWo2CIVFJq7pwy0d400F6i2wsF7aGr2hO1I17Q=="
    },
    "@cfn-modules/lambda-event-source-kinesis-data-stream": {
      "version": "0.1.0",
      "resolved": "https://registry.npmjs.org/@cfn-modules/lambda-event-source-kinesis-data-stream/-/lambda-event-source-kinesis-data-stream-0.1.0.tgz",
      "integrity": "sha512-Kf3dFNnjwLYPtIqASilZuDnZpdGhfWOQq4pdGEemYrXHy9WKtWLeBva1pfd8IW5Acc1CJsUXzffh3y1YWtaXGw=="
    },
    "@cfn-modules/lambda-function": {
      "version": "1.0.0",
      "resolved": "https://registry.npmjs.org/@cfn-modules/lambda-function/-/lambda-function-1.0.0.tgz",
      "integrity": "sha512-KGpBMRky5lvM4hO/QQg9ytIMK9PHBW7I86yreHiSXIErZbgfxRAXQWZrAQ7c8ho+yjHu5m4z6TICuuhKNIEprA=="
    }
  }
}
